
Microsoft Visual Studio Solution File, Format Version 12.00
Project("{FAE04EC0-301F-11D3-BF4B-00C04F79EFBC}") = "ThreeInRow", "ThreeInRow\ThreeInRow.csproj", "{2DD88774-3B68-4DDA-8B2F-BD4D8AB213A6}"
EndProject
Global
	GlobalSection(SolutionConfigurationPlatforms) = preSolution
		Debug|Any CPU = Debug|Any CPU
		Release|Any CPU = Release|Any CPU
	EndGlobalSection
	GlobalSection(ProjectConfigurationPlatforms) = postSolution
		{2DD88774-3B68-4DDA-8B2F-BD4D8AB213A6}.Debug|Any CPU.ActiveCfg = Debug|Any CPU
		{2DD88774-3B68-4DDA-8B2F-BD4D8AB213A6}.Debug|Any CPU.Build.0 = Debug|Any CPU
		{2DD88774-3B68-4DDA-8B2F-BD4D8AB213A6}.Release|Any CPU.ActiveCfg = Release|Any CPU
		{2DD88774-3B68-4DDA-8B2F-BD4D8AB213A6}.Release|Any CPU.Build.0 = Release|Any CPU
	EndGlobalSection
EndGlobal
